// !$*UTF8*$!
{
	archiveVersion = 1;
	classes = {
	};
	objectVersion = 55;
	objects = {

/* Begin PBXBuildFile section */
		57181E6327E1CA85003215F8 /* YoutubeSearchResponse.swift in Sources */ = {isa = PBXBuildFile; fileRef = 57181E6227E1CA85003215F8 /* YoutubeSearchResponse.swift */; };
		57181E6527E1D37D003215F8 /* TitlePreviewViewController.swift in Sources */ = {isa = PBXBuildFile; fileRef = 57181E6427E1D37D003215F8 /* TitlePreviewViewController.swift */; };
		57181E6727E1DF9C003215F8 /* TitlePreviewViewModel.swift in Sources */ = {isa = PBXBuildFile; fileRef = 57181E6627E1DF9C003215F8 /* TitlePreviewViewModel.swift */; };
		575FE29827E06E7F007FF823 /* Title.swift in Sources */ = {isa = PBXBuildFile; fileRef = 575FE29727E06E7F007FF823 /* Title.swift */; };
		577170DA27DEFE500087FD69 /* HomeViewController.swift in Sources */ = {isa = PBXBuildFile; fileRef = 577170D927DEFE4F0087FD69 /* HomeViewController.swift */; };
		577170DC27DF01190087FD69 /* UpcomingViewController.swift in Sources */ = {isa = PBXBuildFile; fileRef = 577170DB27DF01190087FD69 /* UpcomingViewController.swift */; };
		577170DE27DF01270087FD69 /* SearchViewController.swift in Sources */ = {isa = PBXBuildFile; fileRef = 577170DD27DF01270087FD69 /* SearchViewController.swift */; };
		577170E027DF01890087FD69 /* DownloadsViewController.swift in Sources */ = {isa = PBXBuildFile; fileRef = 577170DF27DF01890087FD69 /* DownloadsViewController.swift */; };
		577170E727DF0B820087FD69 /* CollectionViewTableViewCell.swift in Sources */ = {isa = PBXBuildFile; fileRef = 577170E627DF0B820087FD69 /* CollectionViewTableViewCell.swift */; };
		577170E927DF3A5A0087FD69 /* HeroHeaderUIView.swift in Sources */ = {isa = PBXBuildFile; fileRef = 577170E827DF3A590087FD69 /* HeroHeaderUIView.swift */; };
		577170EB27DFA4F30087FD69 /* APICaller.swift in Sources */ = {isa = PBXBuildFile; fileRef = 577170EA27DFA4F30087FD69 /* APICaller.swift */; };
		57BB39D227DA0181008BFDA5 /* AppDelegate.swift in Sources */ = {isa = PBXBuildFile; fileRef = 57BB39D127DA0181008BFDA5 /* AppDelegate.swift */; };
		57BB39D427DA0181008BFDA5 /* SceneDelegate.swift in Sources */ = {isa = PBXBuildFile; fileRef = 57BB39D327DA0181008BFDA5 /* SceneDelegate.swift */; };
		57BB39D627DA0181008BFDA5 /* MainTabBarViewController.swift in Sources */ = {isa = PBXBuildFile; fileRef = 57BB39D527DA0181008BFDA5 /* MainTabBarViewController.swift */; };
		57BB39DB27DA0185008BFDA5 /* Assets.xcassets in Resources */ = {isa = PBXBuildFile; fileRef = 57BB39DA27DA0185008BFDA5 /* Assets.xcassets */; };
		57BB39DE27DA0185008BFDA5 /* LaunchScreen.storyboard in Resources */ = {isa = PBXBuildFile; fileRef = 57BB39DC27DA0185008BFDA5 /* LaunchScreen.storyboard */; };
		57CCAF1C27E2599D00DFE944 /* NetflixCloneModel.xcdatamodeld in Sources */ = {isa = PBXBuildFile; fileRef = 57CCAF1A27E2599D00DFE944 /* NetflixCloneModel.xcdatamodeld */; };
		57CCAF1E27E25BBB00DFE944 /* DataPersistenceManager.swift in Sources */ = {isa = PBXBuildFile; fileRef = 57CCAF1D27E25BBB00DFE944 /* DataPersistenceManager.swift */; };
		57E9096927E07E9C00963168 /* SDWebImage in Frameworks */ = {isa = PBXBuildFile; productRef = 57E9096827E07E9C00963168 /* SDWebImage */; };
		57E9096B27E07E9C00963168 /* SDWebImageMapKit in Frameworks */ = {isa = PBXBuildFile; productRef = 57E9096A27E07E9C00963168 /* SDWebImageMapKit */; };
		57E9096D27E0D34600963168 /* TitleTableViewCell.swift in Sources */ = {isa = PBXBuildFile; fileRef = 57E9096C27E0D34500963168 /* TitleTableViewCell.swift */; };
		57E9096F27E0D6EE00963168 /* TitleViewModel.swift in Sources */ = {isa = PBXBuildFile; fileRef = 57E9096E27E0D6EE00963168 /* TitleViewModel.swift */; };
		57E9097127E1025A00963168 /* SearchResultsViewController.swift in Sources */ = {isa = PBXBuildFile; fileRef = 57E9097027E1025A00963168 /* SearchResultsViewController.swift */; };
		57F4E33D27E0752800EF1689 /* Extensions.swift in Sources */ = {isa = PBXBuildFile; fileRef = 57F4E33C27E0752800EF1689 /* Extensions.swift */; };
		57F4E34127E07C5A00EF1689 /* TitleCollectionViewCell.swift in Sources */ = {isa = PBXBuildFile; fileRef = 57F4E34027E07C5A00EF1689 /* TitleCollectionViewCell.swift */; };
/* End PBXBuildFile section */

/* Begin PBXFileReference section */
		57181E6227E1CA85003215F8 /* YoutubeSearchResponse.swift */ = {isa = PBXFileReference; lastKnownFileType = sourcecode.swift; path = YoutubeSearchResponse.swift; sourceTree = "<group>"; };
		57181E6427E1D37D003215F8 /* TitlePreviewViewController.swift */ = {isa = PBXFileReference; lastKnownFileType = sourcecode.swift; path = TitlePreviewViewController.swift; sourceTree = "<group>"; };
		57181E6627E1DF9C003215F8 /* TitlePreviewViewModel.swift */ = {isa = PBXFileReference; lastKnownFileType = sourcecode.swift; path = TitlePreviewViewModel.swift; sourceTree = "<group>"; };
		575FE29727E06E7F007FF823 /* Title.swift */ = {isa = PBXFileReference; lastKnownFileType = sourcecode.swift; path = Title.swift; sourceTree = "<group>"; };
		577170D927DEFE4F0087FD69 /* HomeViewController.swift */ = {isa = PBXFileReference; lastKnownFileType = sourcecode.swift; path = HomeViewController.swift; sourceTree = "<group>"; };
		577170DB27DF01190087FD69 /* UpcomingViewController.swift */ = {isa = PBXFileReference; lastKnownFileType = sourcecode.swift; path = UpcomingViewController.swift; sourceTree = "<group>"; };
		577170DD27DF01270087FD69 /* SearchViewController.swift */ = {isa = PBXFileReference; lastKnownFileType = sourcecode.swift; path = SearchViewController.swift; sourceTree = "<group>"; };
		577170DF27DF01890087FD69 /* DownloadsViewController.swift */ = {isa = PBXFileReference; lastKnownFileType = sourcecode.swift; path = DownloadsViewController.swift; sourceTree = "<group>"; };
		577170E627DF0B820087FD69 /* CollectionViewTableViewCell.swift */ = {isa = PBXFileReference; lastKnownFileType = sourcecode.swift; path = CollectionViewTableViewCell.swift; sourceTree = "<group>"; };
		577170E827DF3A590087FD69 /* HeroHeaderUIView.swift */ = {isa = PBXFileReference; lastKnownFileType = sourcecode.swift; path = HeroHeaderUIView.swift; sourceTree = "<group>"; };
		577170EA27DFA4F30087FD69 /* APICaller.swift */ = {isa = PBXFileReference; lastKnownFileType = sourcecode.swift; path = APICaller.swift; sourceTree = "<group>"; };
		57BB39CE27DA0181008BFDA5 /* Netflix Clone.app */ = {isa = PBXFileReference; explicitFileType = wrapper.application; includeInIndex = 0; path = "Netflix Clone.app"; sourceTree = BUILT_PRODUCTS_DIR; };
		57BB39D127DA0181008BFDA5 /* AppDelegate.swift */ = {isa = PBXFileReference; lastKnownFileType = sourcecode.swift; path = AppDelegate.swift; sourceTree = "<group>"; };
		57BB39D327DA0181008BFDA5 /* SceneDelegate.swift */ = {isa = PBXFileReference; lastKnownFileType = sourcecode.swift; path = SceneDelegate.swift; sourceTree = "<group>"; };
		57BB39D527DA0181008BFDA5 /* MainTabBarViewController.swift */ = {isa = PBXFileReference; lastKnownFileType = sourcecode.swift; path = MainTabBarViewController.swift; sourceTree = "<group>"; };
		57BB39DA27DA0185008BFDA5 /* Assets.xcassets */ = {isa = PBXFileReference; lastKnownFileType = folder.assetcatalog; path = Assets.xcassets; sourceTree = "<group>"; };
		57BB39DD27DA0185008BFDA5 /* Base */ = {isa = PBXFileReference; lastKnownFileType = file.storyboard; name = Base; path = Base.lproj/LaunchScreen.storyboard; sourceTree = "<group>"; };
		57BB39DF27DA0185008BFDA5 /* Info.plist */ = {isa = PBXFileReference; lastKnownFileType = text.plist.xml; path = Info.plist; sourceTree = "<group>"; };
		57CCAF1B27E2599D00DFE944 /* NetflixCloneModel.xcdatamodel */ = {isa = PBXFileReference; lastKnownFileType = wrapper.xcdatamodel; path = NetflixCloneModel.xcdatamodel; sourceTree = "<group>"; };
		57CCAF1D27E25BBB00DFE944 /* DataPersistenceManager.swift */ = {isa = PBXFileReference; lastKnownFileType = sourcecode.swift; path = DataPersistenceManager.swift; sourceTree = "<group>"; };
		57E9096C27E0D34500963168 /* TitleTableViewCell.swift */ = {isa = PBXFileReference; lastKnownFileType = sourcecode.swift; path = TitleTableViewCell.swift; sourceTree = "<group>"; };
		57E9096E27E0D6EE00963168 /* TitleViewModel.swift */ = {isa = PBXFileReference; lastKnownFileType = sourcecode.swift; path = TitleViewModel.swift; sourceTree = "<group>"; };
		57E9097027E1025A00963168 /* SearchResultsViewController.swift */ = {isa = PBXFileReference; lastKnownFileType = sourcecode.swift; path = SearchResultsViewController.swift; sourceTree = "<group>"; };
		57F4E33C27E0752800EF1689 /* Extensions.swift */ = {isa = PBXFileReference; lastKnownFileType = sourcecode.swift; path = Extensions.swift; sourceTree = "<group>"; };
		57F4E34027E07C5A00EF1689 /* TitleCollectionViewCell.swift */ = {isa = PBXFileReference; lastKnownFileType = sourcecode.swift; path = TitleCollectionViewCell.swift; sourceTree = "<group>"; };
/* End PBXFileReference section */

/* Begin PBXFrameworksBuildPhase section */
		57BB39CB27DA0181008BFDA5 /* Frameworks */ = {
			isa = PBXFrameworksBuildPhase;
			buildActionMask = 2147483647;
			files = (
				57E9096B27E07E9C00963168 /* SDWebImageMapKit in Frameworks */,
				57E9096927E07E9C00963168 /* SDWebImage in Frameworks */,
			);
			runOnlyForDeploymentPostprocessing = 0;
		};
/* End PBXFrameworksBuildPhase section */

/* Begin PBXGroup section */
		577170D827DEFE260087FD69 /* Controllers */ = {
			isa = PBXGroup;
			children = (
				57E9097327E1031100963168 /* Core */,
				57E9097227E1030C00963168 /* General */,
			);
			path = Controllers;
			sourceTree = "<group>";
		};
		577170E127DF0AE40087FD69 /* ViewModels */ = {
			isa = PBXGroup;
			children = (
				57E9096E27E0D6EE00963168 /* TitleViewModel.swift */,
				57181E6627E1DF9C003215F8 /* TitlePreviewViewModel.swift */,
			);
			path = ViewModels;
			sourceTree = "<group>";
		};
		577170E227DF0AE80087FD69 /* Views */ = {
			isa = PBXGroup;
			children = (
				577170E627DF0B820087FD69 /* CollectionViewTableViewCell.swift */,
				577170E827DF3A590087FD69 /* HeroHeaderUIView.swift */,
				57F4E34027E07C5A00EF1689 /* TitleCollectionViewCell.swift */,
				57E9096C27E0D34500963168 /* TitleTableViewCell.swift */,
			);
			path = Views;
			sourceTree = "<group>";
		};
		577170E327DF0AEB0087FD69 /* Models */ = {
			isa = PBXGroup;
			children = (
				575FE29727E06E7F007FF823 /* Title.swift */,
				57181E6227E1CA85003215F8 /* YoutubeSearchResponse.swift */,
			);
			path = Models;
			sourceTree = "<group>";
		};
		577170E427DF0AEE0087FD69 /* Resources */ = {
			isa = PBXGroup;
			children = (
				57F4E33C27E0752800EF1689 /* Extensions.swift */,
			);
			path = Resources;
			sourceTree = "<group>";
		};
		577170E527DF0AF30087FD69 /* Managers */ = {
			isa = PBXGroup;
			children = (
				577170EA27DFA4F30087FD69 /* APICaller.swift */,
				57CCAF1D27E25BBB00DFE944 /* DataPersistenceManager.swift */,
			);
			path = Managers;
			sourceTree = "<group>";
		};
		57BB39C527DA0181008BFDA5 = {
			isa = PBXGroup;
			children = (
				57BB39D027DA0181008BFDA5 /* Netflix Clone */,
				57BB39CF27DA0181008BFDA5 /* Products */,
			);
			sourceTree = "<group>";
		};
		57BB39CF27DA0181008BFDA5 /* Products */ = {
			isa = PBXGroup;
			children = (
				57BB39CE27DA0181008BFDA5 /* Netflix Clone.app */,
			);
			name = Products;
			sourceTree = "<group>";
		};
		57BB39D027DA0181008BFDA5 /* Netflix Clone */ = {
			isa = PBXGroup;
			children = (
				577170E527DF0AF30087FD69 /* Managers */,
				577170E427DF0AEE0087FD69 /* Resources */,
				577170E327DF0AEB0087FD69 /* Models */,
				577170E227DF0AE80087FD69 /* Views */,
				577170E127DF0AE40087FD69 /* ViewModels */,
				577170D827DEFE260087FD69 /* Controllers */,
				57BB39D127DA0181008BFDA5 /* AppDelegate.swift */,
				57BB39D327DA0181008BFDA5 /* SceneDelegate.swift */,
				57BB39DA27DA0185008BFDA5 /* Assets.xcassets */,
				57BB39DC27DA0185008BFDA5 /* LaunchScreen.storyboard */,
				57BB39DF27DA0185008BFDA5 /* Info.plist */,
				57CCAF1A27E2599D00DFE944 /* NetflixCloneModel.xcdatamodeld */,
			);
			path = "Netflix Clone";
			sourceTree = "<group>";
		};
		57E9097227E1030C00963168 /* General */ = {
			isa = PBXGroup;
			children = (
				57E9097027E1025A00963168 /* SearchResultsViewController.swift */,
				57181E6427E1D37D003215F8 /* TitlePreviewViewController.swift */,
			);
			path = General;
			sourceTree = "<group>";
		};
		57E9097327E1031100963168 /* Core */ = {
			isa = PBXGroup;
			children = (
				577170D927DEFE4F0087FD69 /* HomeViewController.swift */,
				577170DB27DF01190087FD69 /* UpcomingViewController.swift */,
				577170DD27DF01270087FD69 /* SearchViewController.swift */,
				577170DF27DF01890087FD69 /* DownloadsViewController.swift */,
				57BB39D527DA0181008BFDA5 /* MainTabBarViewController.swift */,
			);
			path = Core;
			sourceTree = "<group>";
		};
/* End PBXGroup section */

/* Begin PBXNativeTarget section */
		57BB39CD27DA0181008BFDA5 /* Netflix Clone */ = {
			isa = PBXNativeTarget;
			buildConfigurationList = 57BB39E227DA0185008BFDA5 /* Build configuration list for PBXNativeTarget "Netflix Clone" */;
			buildPhases = (
				57BB39CA27DA0181008BFDA5 /* Sources */,
				57BB39CB27DA0181008BFDA5 /* Frameworks */,
				57BB39CC27DA0181008BFDA5 /* Resources */,
			);
			buildRules = (
			);
			dependencies = (
			);
			name = "Netflix Clone";
			packageProductDependencies = (
				57E9096827E07E9C00963168 /* SDWebImage */,
				57E9096A27E07E9C00963168 /* SDWebImageMapKit */,
			);
			productName = "Netflix Clone";
			productReference = 57BB39CE27DA0181008BFDA5 /* Netflix Clone.app */;
			productType = "com.apple.product-type.application";
		};
/* End PBXNativeTarget section */

/* Begin PBXProject section */
		57BB39C627DA0181008BFDA5 /* Project object */ = {
			isa = PBXProject;
			attributes = {
				BuildIndependentTargetsInParallel = 1;
				LastSwiftUpdateCheck = 1310;
				LastUpgradeCheck = 1310;
				TargetAttributes = {
					57BB39CD27DA0181008BFDA5 = {
						CreatedOnToolsVersion = 13.1;
					};
				};
			};
			buildConfigurationList = 57BB39C927DA0181008BFDA5 /* Build configuration list for PBXProject "Netflix Clone" */;
			compatibilityVersion = "Xcode 13.0";
			developmentRegion = en;
			hasScannedForEncodings = 0;
			knownRegions = (
				en,
				Base,
			);
			mainGroup = 57BB39C527DA0181008BFDA5;
			packageReferences = (
				57E9096727E07E9C00963168 /* XCRemoteSwiftPackageReference "SDWebImage" */,
			);
			productRefGroup = 57BB39CF27DA0181008BFDA5 /* Products */;
			projectDirPath = "";
			projectRoot = "";
			targets = (
				57BB39CD27DA0181008BFDA5 /* Netflix Clone */,
			);
		};
/* End PBXProject section */

/* Begin PBXResourcesBuildPhase section */
		57BB39CC27DA0181008BFDA5 /* Resources */ = {
			isa = PBXResourcesBuildPhase;
			buildActionMask = 2147483647;
			files = (
				57BB39DE27DA0185008BFDA5 /* LaunchScreen.storyboard in Resources */,
				57BB39DB27DA0185008BFDA5 /* Assets.xcassets in Resources */,
			);
			runOnlyForDeploymentPostprocessing = 0;
		};
/* End PBXResourcesBuildPhase section */

/* Begin PBXSourcesBuildPhase section */
		57BB39CA27DA0181008BFDA5 /* Sources */ = {
			isa = PBXSourcesBuildPhase;
			buildActionMask = 2147483647;
			files = (
				57E9096D27E0D34600963168 /* TitleTableViewCell.swift in Sources */,
				577170DE27DF01270087FD69 /* SearchViewController.swift in Sources */,
				57F4E34127E07C5A00EF1689 /* TitleCollectionViewCell.swift in Sources */,
				57CCAF1E27E25BBB00DFE944 /* DataPersistenceManager.swift in Sources */,
				57BB39D627DA0181008BFDA5 /* MainTabBarViewController.swift in Sources */,
				577170E727DF0B820087FD69 /* CollectionViewTableViewCell.swift in Sources */,
				577170EB27DFA4F30087FD69 /* APICaller.swift in Sources */,
				57CCAF1C27E2599D00DFE944 /* NetflixCloneModel.xcdatamodeld in Sources */,
				577170E927DF3A5A0087FD69 /* HeroHeaderUIView.swift in Sources */,
				577170E027DF01890087FD69 /* DownloadsViewController.swift in Sources */,
				57BB39D227DA0181008BFDA5 /* AppDelegate.swift in Sources */,
				57E9097127E1025A00963168 /* SearchResultsViewController.swift in Sources */,
				57F4E33D27E0752800EF1689 /* Extensions.swift in Sources */,
				57181E6327E1CA85003215F8 /* YoutubeSearchResponse.swift in Sources */,
				57BB39D427DA0181008BFDA5 /* SceneDelegate.swift in Sources */,
				57181E6727E1DF9C003215F8 /* TitlePreviewViewModel.swift in Sources */,
				577170DC27DF01190087FD69 /* UpcomingViewController.swift in Sources */,
				57181E6527E1D37D003215F8 /* TitlePreviewViewController.swift in Sources */,
				575FE29827E06E7F007FF823 /* Title.swift in Sources */,
				577170DA27DEFE500087FD69 /* HomeViewController.swift in Sources */,
				57E9096F27E0D6EE00963168 /* TitleViewModel.swift in Sources */,
			);
			runOnlyForDeploymentPostprocessing = 0;
		};
/* End PBXSourcesBuildPhase section */

/* Begin PBXVariantGroup section */
		57BB39DC27DA0185008BFDA5 /* LaunchScreen.storyboard */ = {
			isa = PBXVariantGroup;
			children = (
				57BB39DD27DA0185008BFDA5 /* Base */,
			);
			name = LaunchScreen.storyboard;
			sourceTree = "<group>";
		};
/* End PBXVariantGroup section */

/* Begin XCBuildConfiguration section */
		57BB39E027DA0185008BFDA5 /* Debug */ = {
			isa = XCBuildConfiguration;
			buildSettings = {
				ALWAYS_SEARCH_USER_PATHS = NO;
				CLANG_ANALYZER_NONNULL = YES;
				CLANG_ANALYZER_NUMBER_OBJECT_CONVERSION = YES_AGGRESSIVE;
				CLANG_CXX_LANGUAGE_STANDARD = "gnu++17";
				CLANG_CXX_LIBRARY = "libc++";
				CLANG_ENABLE_MODULES = YES;
				CLANG_ENABLE_OBJC_ARC = YES;
				CLANG_ENABLE_OBJC_WEAK = YES;
				CLANG_WARN_BLOCK_CAPTURE_AUTORELEASING = YES;
				CLANG_WARN_BOOL_CONVERSION = YES;
				CLANG_WARN_COMMA = YES;
				CLANG_WARN_CONSTANT_CONVERSION = YES;
				CLANG_WARN_DEPRECATED_OBJC_IMPLEMENTATIONS = YES;
				CLANG_WARN_DIRECT_OBJC_ISA_USAGE = YES_ERROR;
				CLANG_WARN_DOCUMENTATION_COMMENTS = YES;
				CLANG_WARN_EMPTY_BODY = YES;
				CLANG_WARN_ENUM_CONVERSION = YES;
				CLANG_WARN_INFINITE_RECURSION = YES;
				CLANG_WARN_INT_CONVERSION = YES;
				CLANG_WARN_NON_LITERAL_NULL_CONVERSION = YES;
				CLANG_WARN_OBJC_IMPLICIT_RETAIN_SELF = YES;
				CLANG_WARN_OBJC_LITERAL_CONVERSION = YES;
				CLANG_WARN_OBJC_ROOT_CLASS = YES_ERROR;
				CLANG_WARN_QUOTED_INCLUDE_IN_FRAMEWORK_HEADER = YES;
				CLANG_WARN_RANGE_LOOP_ANALYSIS = YES;
				CLANG_WARN_STRICT_PROTOTYPES = YES;
				CLANG_WARN_SUSPICIOUS_MOVE = YES;
				CLANG_WARN_UNGUARDED_AVAILABILITY = YES_AGGRESSIVE;
				CLANG_WARN_UNREACHABLE_CODE = YES;
				CLANG_WARN__DUPLICATE_METHOD_MATCH = YES;
				COPY_PHASE_STRIP = NO;
				DEBUG_INFORMATION_FORMAT = dwarf;
				ENABLE_STRICT_OBJC_MSGSEND = YES;
				ENABLE_TESTABILITY = YES;
				GCC_C_LANGUAGE_STANDARD = gnu11;
				GCC_DYNAMIC_NO_PIC = NO;
				GCC_NO_COMMON_BLOCKS = YES;
				GCC_OPTIMIZATION_LEVEL = 0;
				GCC_PREPROCESSOR_DEFINITIONS = (
					"DEBUG=1",
					"$(inherited)",
				);
				GCC_WARN_64_TO_32_BIT_CONVERSION = YES;
				GCC_WARN_ABOUT_RETURN_TYPE = YES_ERROR;
				GCC_WARN_UNDECLARED_SELECTOR = YES;
				GCC_WARN_UNINITIALIZED_AUTOS = YES_AGGRESSIVE;
				GCC_WARN_UNUSED_FUNCTION = YES;
				GCC_WARN_UNUSED_VARIABLE = YES;
				IPHONEOS_DEPLOYMENT_TARGET = 15.0;
				MTL_ENABLE_DEBUG_INFO = INCLUDE_SOURCE;
				MTL_FAST_MATH = YES;
				ONLY_ACTIVE_ARCH = YES;
				SDKROOT = iphoneos;
				SWIFT_ACTIVE_COMPILATION_CONDITIONS = DEBUG;
				SWIFT_OPTIMIZATION_LEVEL = "-Onone";
			};
			name = Debug;
		};
		57BB39E127DA0185008BFDA5 /* Release */ = {
			isa = XCBuildConfiguration;
			buildSettings = {
				ALWAYS_SEARCH_USER_PATHS = NO;
				CLANG_ANALYZER_NONNULL = YES;
				CLANG_ANALYZER_NUMBER_OBJECT_CONVERSION = YES_AGGRESSIVE;
				CLANG_CXX_LANGUAGE_STANDARD = "gnu++17";
				CLANG_CXX_LIBRARY = "libc++";
				CLANG_ENABLE_MODULES = YES;
				CLANG_ENABLE_OBJC_ARC = YES;
				CLANG_ENABLE_OBJC_WEAK = YES;
				CLANG_WARN_BLOCK_CAPTURE_AUTORELEASING = YES;
				CLANG_WARN_BOOL_CONVERSION = YES;
				CLANG_WARN_COMMA = YES;
				CLANG_WARN_CONSTANT_CONVERSION = YES;
				CLANG_WARN_DEPRECATED_OBJC_IMPLEMENTATIONS = YES;
				CLANG_WARN_DIRECT_OBJC_ISA_USAGE = YES_ERROR;
				CLANG_WARN_DOCUMENTATION_COMMENTS = YES;
				CLANG_WARN_EMPTY_BODY = YES;
				CLANG_WARN_ENUM_CONVERSION = YES;
				CLANG_WARN_INFINITE_RECURSION = YES;
				CLANG_WARN_INT_CONVERSION = YES;
				CLANG_WARN_NON_LITERAL_NULL_CONVERSION = YES;
				CLANG_WARN_OBJC_IMPLICIT_RETAIN_SELF = YES;
				CLANG_WARN_OBJC_LITERAL_CONVERSION = YES;
				CLANG_WARN_OBJC_ROOT_CLASS = YES_ERROR;
				CLANG_WARN_QUOTED_INCLUDE_IN_FRAMEWORK_HEADER = YES;
				CLANG_WARN_RANGE_LOOP_ANALYSIS = YES;
				CLANG_WARN_STRICT_PROTOTYPES = YES;
				CLANG_WARN_SUSPICIOUS_MOVE = YES;
				CLANG_WARN_UNGUARDED_AVAILABILITY = YES_AGGRESSIVE;
				CLANG_WARN_UNREACHABLE_CODE = YES;
				CLANG_WARN__DUPLICATE_METHOD_MATCH = YES;
				COPY_PHASE_STRIP = NO;
				DEBUG_INFORMATION_FORMAT = "dwarf-with-dsym";
				ENABLE_NS_ASSERTIONS = NO;
				ENABLE_STRICT_OBJC_MSGSEND = YES;
				GCC_C_LANGUAGE_STANDARD = gnu11;
				GCC_NO_COMMON_BLOCKS = YES;
				GCC_WARN_64_TO_32_BIT_CONVERSION = YES;
				GCC_WARN_ABOUT_RETURN_TYPE = YES_ERROR;
				GCC_WARN_UNDECLARED_SELECTOR = YES;
				GCC_WARN_UNINITIALIZED_AUTOS = YES_AGGRESSIVE;
				GCC_WARN_UNUSED_FUNCTION = YES;
				GCC_WARN_UNUSED_VARIABLE = YES;
				IPHONEOS_DEPLOYMENT_TARGET = 15.0;
				MTL_ENABLE_DEBUG_INFO = NO;
				MTL_FAST_MATH = YES;
				SDKROOT = iphoneos;
				SWIFT_COMPILATION_MODE = wholemodule;
				SWIFT_OPTIMIZATION_LEVEL = "-O";
				VALIDATE_PRODUCT = YES;
			};
			name = Release;
		};
		57BB39E327DA0185008BFDA5 /* Debug */ = {
			isa = XCBuildConfiguration;
			buildSettings = {
				ASSETCATALOG_COMPILER_APPICON_NAME = AppIcon;
				ASSETCATALOG_COMPILER_GLOBAL_ACCENT_COLOR_NAME = AccentColor;
				CODE_SIGN_STYLE = Automatic;
				CURRENT_PROJECT_VERSION = 1;
				DEVELOPMENT_TEAM = Y8SG9VYDP5;
				GENERATE_INFOPLIST_FILE = YES;
				INFOPLIST_FILE = "Netflix Clone/Info.plist";
				INFOPLIST_KEY_UIApplicationSupportsIndirectInputEvents = YES;
				INFOPLIST_KEY_UILaunchStoryboardName = LaunchScreen;
				INFOPLIST_KEY_UISupportedInterfaceOrientations_iPad = "UIInterfaceOrientationPortrait UIInterfaceOrientationPortraitUpsideDown UIInterfaceOrientationLandscapeLeft UIInterfaceOrientationLandscapeRight";
				INFOPLIST_KEY_UISupportedInterfaceOrientations_iPhone = "UIInterfaceOrientationPortrait UIInterfaceOrientationLandscapeLeft UIInterfaceOrientationLandscapeRight";
				LD_RUNPATH_SEARCH_PATHS = (
					"$(inherited)",
					"@executable_path/Frameworks",
				);
				MARKETING_VERSION = 1.0;
				PRODUCT_BUNDLE_IDENTIFIER = "com.abbas.Netflix-Clone";
				PRODUCT_NAME = "$(TARGET_NAME)";
				SWIFT_EMIT_LOC_STRINGS = YES;
				SWIFT_VERSION = 5.0;
				TARGETED_DEVICE_FAMILY = "1,2";
			};
			name = Debug;
		};
		57BB39E427DA0185008BFDA5 /* Release */ = {
			isa = XCBuildConfiguration;
			buildSettings = {
				ASSETCATALOG_COMPILER_APPICON_NAME = AppIcon;
				ASSETCATALOG_COMPILER_GLOBAL_ACCENT_COLOR_NAME = AccentColor;
				CODE_SIGN_STYLE = Automatic;
				CURRENT_PROJECT_VERSION = 1;
				DEVELOPMENT_TEAM = Y8SG9VYDP5;
				GENERATE_INFOPLIST_FILE = YES;
				INFOPLIST_FILE = "Netflix Clone/Info.plist";
				INFOPLIST_KEY_UIApplicationSupportsIndirectInputEvents = YES;
				INFOPLIST_KEY_UILaunchStoryboardName = LaunchScreen;
				INFOPLIST_KEY_UISupportedInterfaceOrientations_iPad = "UIInterfaceOrientationPortrait UIInterfaceOrientationPortraitUpsideDown UIInterfaceOrientationLandscapeLeft UIInterfaceOrientationLandscapeRight";
				INFOPLIST_KEY_UISupportedInterfaceOrientations_iPhone = "UIInterfaceOrientationPortrait UIInterfaceOrientationLandscapeLeft UIInterfaceOrientationLandscapeRight";
				LD_RUNPATH_SEARCH_PATHS = (
					"$(inherited)",
					"@executable_path/Frameworks",
				);
				MARKETING_VERSION = 1.0;
				PRODUCT_BUNDLE_IDENTIFIER = "com.abbas.Netflix-Clone";
				PRODUCT_NAME = "$(TARGET_NAME)";
				SWIFT_EMIT_LOC_STRINGS = YES;
				SWIFT_VERSION = 5.0;
				TARGETED_DEVICE_FAMILY = "1,2";
			};
			name = Release;
		};
/* End XCBuildConfiguration section */

/* Begin XCConfigurationList section */
		57BB39C927DA0181008BFDA5 /* Build configuration list for PBXProject "Netflix Clone" */ = {
			isa = XCConfigurationList;
			buildConfigurations = (
				57BB39E027DA0185008BFDA5 /* Debug */,
				57BB39E127DA0185008BFDA5 /* Release */,
			);
			defaultConfigurationIsVisible = 0;
			defaultConfigurationName = Release;
		};
		57BB39E227DA0185008BFDA5 /* Build configuration list for PBXNativeTarget "Netflix Clone" */ = {
			isa = XCConfigurationList;
			buildConfigurations = (
				57BB39E327DA0185008BFDA5 /* Debug */,
				57BB39E427DA0185008BFDA5 /* Release */,
			);
			defaultConfigurationIsVisible = 0;
			defaultConfigurationName = Release;
		};
/* End XCConfigurationList section */

/* Begin XCRemoteSwiftPackageReference section */
		57E9096727E07E9C00963168 /* XCRemoteSwiftPackageReference "SDWebImage" */ = {
			isa = XCRemoteSwiftPackageReference;
			repositoryURL = "https://github.com/SDWebImage/SDWebImage.git";
			requirement = {
				kind = upToNextMajorVersion;
				minimumVersion = 5.0.0;
			};
		};
/* End XCRemoteSwiftPackageReference section */

/* Begin XCSwiftPackageProductDependency section */
		57E9096827E07E9C00963168 /* SDWebImage */ = {
			isa = XCSwiftPackageProductDependency;
			package = 57E9096727E07E9C00963168 /* XCRemoteSwiftPackageReference "SDWebImage" */;
			productName = SDWebImage;
		};
		57E9096A27E07E9C00963168 /* SDWebImageMapKit */ = {
			isa = XCSwiftPackageProductDependency;
			package = 57E9096727E07E9C00963168 /* XCRemoteSwiftPackageReference "SDWebImage" */;
			productName = SDWebImageMapKit;
		};
/* End XCSwiftPackageProductDependency section */

/* Begin XCVersionGroup section */
		57CCAF1A27E2599D00DFE944 /* NetflixCloneModel.xcdatamodeld */ = {
			isa = XCVersionGroup;
			children = (
				57CCAF1B27E2599D00DFE944 /* NetflixCloneModel.xcdatamodel */,
			);
			currentVersion = 57CCAF1B27E2599D00DFE944 /* NetflixCloneModel.xcdatamodel */;
			path = NetflixCloneModel.xcdatamodeld;
			sourceTree = "<group>";
			versionGroupType = wrapper.xcdatamodel;
		};
/* End XCVersionGroup section */
	};
	rootObject = 57BB39C627DA0181008BFDA5 /* Project object */;
}
